
Microsoft Visual Studio Solution File, Format Version 12.00
# Visual Studio 2013
VisualStudioVersion = 12.0.31101.0
MinimumVisualStudioVersion = 10.0.40219.1
Project("{FAE04EC0-301F-11D3-BF4B-00C04F79EFBC}") = "Practices.SharePoint.Apps", "Practices.SharePoint.Apps\Practices.SharePoint.Apps.csproj", "{01801FDC-EEDB-46FF-9E42-81713C00AD76}"
EndProject
Project("{FAE04EC0-301F-11D3-BF4B-00C04F79EFBC}") = "Practices.SharePoint.Common", "Practices.SharePoint.Common\Practices.SharePoint.Common.csproj", "{AB0D1688-035D-4FB1-A2B8-316CA4A5C1AB}"
EndProject
Project("{2150E333-8FDC-42A3-9474-1A3956D46DE8}") = "Solution Items", "Solution Items", "{05E35DD8-E7D2-48E9-BFCF-DCCF32E7FEF0}"
	ProjectSection(SolutionItems) = preProject
		..\Signing.snk = ..\Signing.snk
	EndProjectSection
EndProject
Project("{FAE04EC0-301F-11D3-BF4B-00C04F79EFBC}") = "Practices.SharePoint.Publishing", "Practices.SharePoint.Publishing\Practices.SharePoint.Publishing.csproj", "{C293FE91-BE2A-4464-9338-14F31E3595FC}"
EndProject
Project("{FAE04EC0-301F-11D3-BF4B-00C04F79EFBC}") = "Practices.SharePoint.Fabric", "Practices.SharePoint.Fabric\Practices.SharePoint.Fabric.csproj", "{0FFF6CBD-497C-4D6A-9932-3C83B6FFED90}"
EndProject
Global
	GlobalSection(SolutionConfigurationPlatforms) = preSolution
		Debug|Any CPU = Debug|Any CPU
		Release|Any CPU = Release|Any CPU
	EndGlobalSection
	GlobalSection(ProjectConfigurationPlatforms) = postSolution
		{01801FDC-EEDB-46FF-9E42-81713C00AD76}.Debug|Any CPU.ActiveCfg = Debug|Any CPU
		{01801FDC-EEDB-46FF-9E42-81713C00AD76}.Debug|Any CPU.Build.0 = Debug|Any CPU
		{01801FDC-EEDB-46FF-9E42-81713C00AD76}.Debug|Any CPU.Deploy.0 = Debug|Any CPU
		{01801FDC-EEDB-46FF-9E42-81713C00AD76}.Release|Any CPU.ActiveCfg = Release|Any CPU
		{01801FDC-EEDB-46FF-9E42-81713C00AD76}.Release|Any CPU.Build.0 = Release|Any CPU
		{01801FDC-EEDB-46FF-9E42-81713C00AD76}.Release|Any CPU.Deploy.0 = Release|Any CPU
		{AB0D1688-035D-4FB1-A2B8-316CA4A5C1AB}.Debug|Any CPU.ActiveCfg = Debug|Any CPU
		{AB0D1688-035D-4FB1-A2B8-316CA4A5C1AB}.Debug|Any CPU.Build.0 = Debug|Any CPU
		{AB0D1688-035D-4FB1-A2B8-316CA4A5C1AB}.Release|Any CPU.ActiveCfg = Release|Any CPU
		{AB0D1688-035D-4FB1-A2B8-316CA4A5C1AB}.Release|Any CPU.Build.0 = Release|Any CPU
		{C293FE91-BE2A-4464-9338-14F31E3595FC}.Debug|Any CPU.ActiveCfg = Debug|Any CPU
		{C293FE91-BE2A-4464-9338-14F31E3595FC}.Debug|Any CPU.Build.0 = Debug|Any CPU
		{C293FE91-BE2A-4464-9338-14F31E3595FC}.Debug|Any CPU.Deploy.0 = Debug|Any CPU
		{C293FE91-BE2A-4464-9338-14F31E3595FC}.Release|Any CPU.ActiveCfg = Release|Any CPU
		{C293FE91-BE2A-4464-9338-14F31E3595FC}.Release|Any CPU.Build.0 = Release|Any CPU
		{C293FE91-BE2A-4464-9338-14F31E3595FC}.Release|Any CPU.Deploy.0 = Release|Any CPU
		{0FFF6CBD-497C-4D6A-9932-3C83B6FFED90}.Debug|Any CPU.ActiveCfg = Debug|Any CPU
		{0FFF6CBD-497C-4D6A-9932-3C83B6FFED90}.Debug|Any CPU.Build.0 = Debug|Any CPU
		{0FFF6CBD-497C-4D6A-9932-3C83B6FFED90}.Debug|Any CPU.Deploy.0 = Debug|Any CPU
		{0FFF6CBD-497C-4D6A-9932-3C83B6FFED90}.Release|Any CPU.ActiveCfg = Release|Any CPU
		{0FFF6CBD-497C-4D6A-9932-3C83B6FFED90}.Release|Any CPU.Build.0 = Release|Any CPU
		{0FFF6CBD-497C-4D6A-9932-3C83B6FFED90}.Release|Any CPU.Deploy.0 = Release|Any CPU
	EndGlobalSection
	GlobalSection(SolutionProperties) = preSolution
		HideSolutionNode = FALSE
	EndGlobalSection
EndGlobal
